
Microsoft Visual Studio Solution File, Format Version 12.00
# Visual Studio Version 17
VisualStudioVersion = 17.0.32126.317
MinimumVisualStudioVersion = 10.0.40219.1
Project("{FAE04EC0-301F-11D3-BF4B-00C04F79EFBC}") = "Single-Dimensional Arrays", "Single-Dimensional Arrays.csproj", "{66BAF5BF-B769-4FA9-90F6-47D7A137CF41}"
EndProject
Global
	GlobalSection(SolutionConfigurationPlatforms) = preSolution
		Debug|Any CPU = Debug|Any CPU
		Release|Any CPU = Release|Any CPU
	EndGlobalSection
	GlobalSection(ProjectConfigurationPlatforms) = postSolution
		{66BAF5BF-B769-4FA9-90F6-47D7A137CF41}.Debug|Any CPU.ActiveCfg = Debug|Any CPU
		{66BAF5BF-B769-4FA9-90F6-47D7A137CF41}.Debug|Any CPU.Build.0 = Debug|Any CPU
		{66BAF5BF-B769-4FA9-90F6-47D7A137CF41}.Release|Any CPU.ActiveCfg = Release|Any CPU
		{66BAF5BF-B769-4FA9-90F6-47D7A137CF41}.Release|Any CPU.Build.0 = Release|Any CPU
	EndGlobalSection
	GlobalSection(SolutionProperties) = preSolution
		HideSolutionNode = FALSE
	EndGlobalSection
	GlobalSection(ExtensibilityGlobals) = postSolution
		SolutionGuid = {A0E4E74E-7854-48B6-B36E-28B2C1C75924}
	EndGlobalSection
EndGlobal
