
Microsoft Visual Studio Solution File, Format Version 12.00
# Visual Studio Version 17
VisualStudioVersion = 17.0.32126.317
MinimumVisualStudioVersion = 10.0.40219.1
Project("{FAE04EC0-301F-11D3-BF4B-00C04F79EFBC}") = "Figures", "Figures.csproj", "{2818A9B2-D2A7-451C-9A31-6949361AA788}"
EndProject
Global
	GlobalSection(SolutionConfigurationPlatforms) = preSolution
		Debug|Any CPU = Debug|Any CPU
		Release|Any CPU = Release|Any CPU
	EndGlobalSection
	GlobalSection(ProjectConfigurationPlatforms) = postSolution
		{2818A9B2-D2A7-451C-9A31-6949361AA788}.Debug|Any CPU.ActiveCfg = Debug|Any CPU
		{2818A9B2-D2A7-451C-9A31-6949361AA788}.Debug|Any CPU.Build.0 = Debug|Any CPU
		{2818A9B2-D2A7-451C-9A31-6949361AA788}.Release|Any CPU.ActiveCfg = Release|Any CPU
		{2818A9B2-D2A7-451C-9A31-6949361AA788}.Release|Any CPU.Build.0 = Release|Any CPU
	EndGlobalSection
	GlobalSection(SolutionProperties) = preSolution
		HideSolutionNode = FALSE
	EndGlobalSection
	GlobalSection(ExtensibilityGlobals) = postSolution
		SolutionGuid = {2959B3D1-A277-41F6-8C35-242ACA4783C2}
	EndGlobalSection
EndGlobal
